
Microsoft Visual Studio Solution File, Format Version 12.00
# Visual Studio Version 17
VisualStudioVersion = 17.0.31903.59
MinimumVisualStudioVersion = 10.0.40219.1
Project("{2150E333-8FDC-42A3-9474-1A3956D46DE8}") = "Services", "Services", "{6A5BE2F2-A034-44D8-922F-F5A95AA206EB}"
EndProject
Project("{FAE04EC0-301F-11D3-BF4B-00C04F79EFBC}") = "Authorization", "src\Services\Authorization\Authorization.csproj", "{18773DFF-318F-4D0E-8E57-C129608F803E}"
EndProject
Project("{E53339B2-1760-4266-BCC7-CA923CBCF16C}") = "docker-compose", "docker-compose.dcproj", "{F206BDDB-8021-4994-AB8A-3C22BE8C1D4E}"
EndProject
Global
	GlobalSection(SolutionConfigurationPlatforms) = preSolution
		Debug|Any CPU = Debug|Any CPU
		Release|Any CPU = Release|Any CPU
	EndGlobalSection
	GlobalSection(SolutionProperties) = preSolution
		HideSolutionNode = FALSE
	EndGlobalSection
	GlobalSection(ProjectConfigurationPlatforms) = postSolution
		{18773DFF-318F-4D0E-8E57-C129608F803E}.Debug|Any CPU.ActiveCfg = Debug|Any CPU
		{18773DFF-318F-4D0E-8E57-C129608F803E}.Debug|Any CPU.Build.0 = Debug|Any CPU
		{18773DFF-318F-4D0E-8E57-C129608F803E}.Release|Any CPU.ActiveCfg = Release|Any CPU
		{18773DFF-318F-4D0E-8E57-C129608F803E}.Release|Any CPU.Build.0 = Release|Any CPU
		{F206BDDB-8021-4994-AB8A-3C22BE8C1D4E}.Debug|Any CPU.ActiveCfg = Debug|Any CPU
		{F206BDDB-8021-4994-AB8A-3C22BE8C1D4E}.Debug|Any CPU.Build.0 = Debug|Any CPU
		{F206BDDB-8021-4994-AB8A-3C22BE8C1D4E}.Release|Any CPU.ActiveCfg = Release|Any CPU
		{F206BDDB-8021-4994-AB8A-3C22BE8C1D4E}.Release|Any CPU.Build.0 = Release|Any CPU
	EndGlobalSection
	GlobalSection(NestedProjects) = preSolution
		{18773DFF-318F-4D0E-8E57-C129608F803E} = {6A5BE2F2-A034-44D8-922F-F5A95AA206EB}
	EndGlobalSection
EndGlobal
